Microsoft Visual Studio Solution File, Format Version 12.00
# Visual Studio Version 17
VisualStudioVersion = 17.5.2.0
MinimumVisualStudioVersion = 10.0.40219.1
Project("{2150E333-8FDC-42A3-9474-1A3956D46DE8}") = "src", "src", "{827E0CD3-B72D-47B6-A68D-7590B98EB39B}"
EndProject
Project("{2150E333-8FDC-42A3-9474-1A3956D46DE8}") = "tests", "tests", "{0AB3BF05-4346-4AA6-1389-037BE0695223}"
EndProject
Project("{FAE04EC0-301F-11D3-BF4B-00C04F79EFBC}") = "BigstopPOS.Application", "src\BigstopPOS.Application\BigstopPOS.Application.csproj", "{B19BF8C0-0111-08D2-CC1E-CE9FFA859B14}"
EndProject
Project("{FAE04EC0-301F-11D3-BF4B-00C04F79EFBC}") = "BigstopPOS.Contracts", "src\BigstopPOS.Contracts\BigstopPOS.Contracts.csproj", "{B52C469A-D65E-0C2B-8A27-86CE63C71E05}"
EndProject
Project("{FAE04EC0-301F-11D3-BF4B-00C04F79EFBC}") = "BigstopPOS.Domain", "src\BigstopPOS.Domain\BigstopPOS.Domain.csproj", "{4AE54878-5E7A-1EB9-0737-A6DEA5A9E252}"
EndProject
Project("{FAE04EC0-301F-11D3-BF4B-00C04F79EFBC}") = "BigstopPOS.Mobile", "src\BigstopPOS.Mobile\BigstopPOS.Mobile.csproj", "{2668686E-7786-1DDF-3133-D6BB67A6D18F}"
EndProject
Project("{FAE04EC0-301F-11D3-BF4B-00C04F79EFBC}") = "BigstopPOS.Platform", "src\BigstopPOS.Platform\BigstopPOS.Platform.csproj", "{1B5EEA9F-4EB8-7789-C746-1C07B80ED0E2}"
EndProject
Project("{FAE04EC0-301F-11D3-BF4B-00C04F79EFBC}") = "BigstopPOS.Windows", "src\BigstopPOS.Windows\BigstopPOS.Windows.csproj", "{623FFC41-6AB6-EB5F-50E9-FCCF8CD8D4AA}"
EndProject
Project("{FAE04EC0-301F-11D3-BF4B-00C04F79EFBC}") = "BigstopPOS.Platform.Tests", "tests\BigstopPOS.Platform.Tests\BigstopPOS.Platform.Tests.csproj", "{4589AD02-6B75-EEAC-E48E-C1B4C555EB96}"
EndProject
Global
	GlobalSection(SolutionConfigurationPlatforms) = preSolution
		Debug|Any CPU = Debug|Any CPU
		Release|Any CPU = Release|Any CPU
	EndGlobalSection
	GlobalSection(ProjectConfigurationPlatforms) = postSolution
		{B19BF8C0-0111-08D2-CC1E-CE9FFA859B14}.Debug|Any CPU.ActiveCfg = Debug|Any CPU
		{B19BF8C0-0111-08D2-CC1E-CE9FFA859B14}.Debug|Any CPU.Build.0 = Debug|Any CPU
		{B19BF8C0-0111-08D2-CC1E-CE9FFA859B14}.Release|Any CPU.ActiveCfg = Release|Any CPU
		{B19BF8C0-0111-08D2-CC1E-CE9FFA859B14}.Release|Any CPU.Build.0 = Release|Any CPU
		{B52C469A-D65E-0C2B-8A27-86CE63C71E05}.Debug|Any CPU.ActiveCfg = Debug|Any CPU
		{B52C469A-D65E-0C2B-8A27-86CE63C71E05}.Debug|Any CPU.Build.0 = Debug|Any CPU
		{B52C469A-D65E-0C2B-8A27-86CE63C71E05}.Release|Any CPU.ActiveCfg = Release|Any CPU
		{B52C469A-D65E-0C2B-8A27-86CE63C71E05}.Release|Any CPU.Build.0 = Release|Any CPU
		{4AE54878-5E7A-1EB9-0737-A6DEA5A9E252}.Debug|Any CPU.ActiveCfg = Debug|Any CPU
		{4AE54878-5E7A-1EB9-0737-A6DEA5A9E252}.Debug|Any CPU.Build.0 = Debug|Any CPU
		{4AE54878-5E7A-1EB9-0737-A6DEA5A9E252}.Release|Any CPU.ActiveCfg = Release|Any CPU
		{4AE54878-5E7A-1EB9-0737-A6DEA5A9E252}.Release|Any CPU.Build.0 = Release|Any CPU
		{2668686E-7786-1DDF-3133-D6BB67A6D18F}.Debug|Any CPU.ActiveCfg = Debug|Any CPU
		{2668686E-7786-1DDF-3133-D6BB67A6D18F}.Debug|Any CPU.Build.0 = Debug|Any CPU
		{2668686E-7786-1DDF-3133-D6BB67A6D18F}.Release|Any CPU.ActiveCfg = Release|Any CPU
		{2668686E-7786-1DDF-3133-D6BB67A6D18F}.Release|Any CPU.Build.0 = Release|Any CPU
		{1B5EEA9F-4EB8-7789-C746-1C07B80ED0E2}.Debug|Any CPU.ActiveCfg = Debug|Any CPU
		{1B5EEA9F-4EB8-7789-C746-1C07B80ED0E2}.Debug|Any CPU.Build.0 = Debug|Any CPU
		{1B5EEA9F-4EB8-7789-C746-1C07B80ED0E2}.Release|Any CPU.ActiveCfg = Release|Any CPU
		{1B5EEA9F-4EB8-7789-C746-1C07B80ED0E2}.Release|Any CPU.Build.0 = Release|Any CPU
		{623FFC41-6AB6-EB5F-50E9-FCCF8CD8D4AA}.Debug|Any CPU.ActiveCfg = Debug|Any CPU
		{623FFC41-6AB6-EB5F-50E9-FCCF8CD8D4AA}.Debug|Any CPU.Build.0 = Debug|Any CPU
		{623FFC41-6AB6-EB5F-50E9-FCCF8CD8D4AA}.Release|Any CPU.ActiveCfg = Release|Any CPU
		{623FFC41-6AB6-EB5F-50E9-FCCF8CD8D4AA}.Release|Any CPU.Build.0 = Release|Any CPU
		{4589AD02-6B75-EEAC-E48E-C1B4C555EB96}.Debug|Any CPU.ActiveCfg = Debug|Any CPU
		{4589AD02-6B75-EEAC-E48E-C1B4C555EB96}.Debug|Any CPU.Build.0 = Debug|Any CPU
		{4589AD02-6B75-EEAC-E48E-C1B4C555EB96}.Release|Any CPU.ActiveCfg = Release|Any CPU
		{4589AD02-6B75-EEAC-E48E-C1B4C555EB96}.Release|Any CPU.Build.0 = Release|Any CPU
	EndGlobalSection
	GlobalSection(SolutionProperties) = preSolution
		HideSolutionNode = FALSE
	EndGlobalSection
	GlobalSection(NestedProjects) = preSolution
		{B19BF8C0-0111-08D2-CC1E-CE9FFA859B14} = {827E0CD3-B72D-47B6-A68D-7590B98EB39B}
		{B52C469A-D65E-0C2B-8A27-86CE63C71E05} = {827E0CD3-B72D-47B6-A68D-7590B98EB39B}
		{4AE54878-5E7A-1EB9-0737-A6DEA5A9E252} = {827E0CD3-B72D-47B6-A68D-7590B98EB39B}
		{2668686E-7786-1DDF-3133-D6BB67A6D18F} = {827E0CD3-B72D-47B6-A68D-7590B98EB39B}
		{1B5EEA9F-4EB8-7789-C746-1C07B80ED0E2} = {827E0CD3-B72D-47B6-A68D-7590B98EB39B}
		{623FFC41-6AB6-EB5F-50E9-FCCF8CD8D4AA} = {827E0CD3-B72D-47B6-A68D-7590B98EB39B}
		{4589AD02-6B75-EEAC-E48E-C1B4C555EB96} = {0AB3BF05-4346-4AA6-1389-037BE0695223}
	EndGlobalSection
	GlobalSection(ExtensibilityGlobals) = postSolution
		SolutionGuid = {ECC4F0A3-F7F3-4F45-90E8-381518C6CFB6}
	EndGlobalSection
EndGlobal
